Microsoft Visual Studio Solution File, Format Version 11.00
# Visual Studio 2008

Project("{2B72BC1B-BEB3-F635-0179-8DCDEE2800DA}") = "FruitFall", "Assembly-CSharp.csproj", "{92A5A15E-6309-D784-7348-B5E86DF6456A}"
EndProject
Project("{2B72BC1B-BEB3-F635-0179-8DCDEE2800DA}") = "FruitFall", "Assembly-CSharp-Editor.csproj", "{BFD6A089-8AF4-F961-8294-77F2EC6A547D}"
EndProject
Global
	GlobalSection(SolutionConfigurationPlatforms) = preSolution
		Debug|Any CPU = Debug|Any CPU
		Release|Any CPU = Release|Any CPU
	EndGlobalSection
	GlobalSection(ProjectConfigurationPlatforms) = postSolution
		{92A5A15E-6309-D784-7348-B5E86DF6456A}.Debug|Any CPU.ActiveCfg = Debug|Any CPU
		{92A5A15E-6309-D784-7348-B5E86DF6456A}.Debug|Any CPU.Build.0 = Debug|Any CPU
		{92A5A15E-6309-D784-7348-B5E86DF6456A}.Release|Any CPU.ActiveCfg = Release|Any CPU
		{92A5A15E-6309-D784-7348-B5E86DF6456A}.Release|Any CPU.Build.0 = Release|Any CPU
		{BFD6A089-8AF4-F961-8294-77F2EC6A547D}.Debug|Any CPU.ActiveCfg = Debug|Any CPU
		{BFD6A089-8AF4-F961-8294-77F2EC6A547D}.Debug|Any CPU.Build.0 = Debug|Any CPU
		{BFD6A089-8AF4-F961-8294-77F2EC6A547D}.Release|Any CPU.ActiveCfg = Release|Any CPU
		{BFD6A089-8AF4-F961-8294-77F2EC6A547D}.Release|Any CPU.Build.0 = Release|Any CPU
	EndGlobalSection
	GlobalSection(SolutionProperties) = preSolution
		HideSolutionNode = FALSE
	EndGlobalSection
																				GlobalSection(MonoDevelopProperties) = preSolution
		StartupItem = Assembly-CSharp.csproj
		Policies = $0
		$0.TextStylePolicy = $1
		$1.inheritsSet = null
		$1.scope = text/x-csharp
		$0.CSharpFormattingPolicy = $2
		$2.inheritsSet = Mono
		$2.inheritsScope = text/x-csharp
		$2.scope = text/x-csharp
		$0.TextStylePolicy = $3
		$3.FileWidth = 120
		$3.TabWidth = 4
		$3.EolMarker = Unix
		$3.inheritsSet = Mono
		$3.inheritsScope = text/plain
		$3.scope = text/plain
	EndGlobalSection

EndGlobal
